
Microsoft Visual Studio Solution File, Format Version 12.00
# Visual Studio Version 17
VisualStudioVersion = 17.1.32407.343
MinimumVisualStudioVersion = 10.0.40219.1
Project("{FAE04EC0-301F-11D3-BF4B-00C04F79EFBC}") = "LibraryManagementApp", "LibraryManagementApp\LibraryManagementApp.csproj", "{5A34E341-31C1-4366-9A18-95481B35C06B}"
EndProject
Global
	GlobalSection(SolutionConfigurationPlatforms) = preSolution
		Debug|Any CPU = Debug|Any CPU
		Release|Any CPU = Release|Any CPU
	EndGlobalSection
	GlobalSection(ProjectConfigurationPlatforms) = postSolution
		{5A34E341-31C1-4366-9A18-95481B35C06B}.Debug|Any CPU.ActiveCfg = Debug|Any CPU
		{5A34E341-31C1-4366-9A18-95481B35C06B}.Debug|Any CPU.Build.0 = Debug|Any CPU
		{5A34E341-31C1-4366-9A18-95481B35C06B}.Release|Any CPU.ActiveCfg = Release|Any CPU
		{5A34E341-31C1-4366-9A18-95481B35C06B}.Release|Any CPU.Build.0 = Release|Any CPU
	EndGlobalSection
	GlobalSection(SolutionProperties) = preSolution
		HideSolutionNode = FALSE
	EndGlobalSection
	GlobalSection(ExtensibilityGlobals) = postSolution
		SolutionGuid = {FC3B6D75-F116-40AE-9484-C53B80D2E838}
	EndGlobalSection
EndGlobal
